
Microsoft Visual Studio Solution File, Format Version 12.00
# Visual Studio Version 16
VisualStudioVersion = 16.0.30611.23
MinimumVisualStudioVersion = 10.0.40219.1
Project("{9A19103F-16F7-4668-BE54-9A1E7A4F7556}") = "ScoutOnline", "ScoutOnline\ScoutOnline.csproj", "{19DF8D37-E40A-41A9-AC5E-53A9B584763C}"
EndProject
Project("{9A19103F-16F7-4668-BE54-9A1E7A4F7556}") = "BlazorLeaflet", "BlazorLeaflet\BlazorLeaflet.csproj", "{ACFC86C4-9E3D-4D00-B4FD-4DC98E9E7CE3}"
EndProject
Project("{9A19103F-16F7-4668-BE54-9A1E7A4F7556}") = "BlazorChart", "BlazorChart\BlazorChart.csproj", "{5F0E95C8-DA6B-4922-8517-522819536706}"
EndProject
Global
	GlobalSection(SolutionConfigurationPlatforms) = preSolution
		Debug|Any CPU = Debug|Any CPU
		Release|Any CPU = Release|Any CPU
	EndGlobalSection
	GlobalSection(ProjectConfigurationPlatforms) = postSolution
		{19DF8D37-E40A-41A9-AC5E-53A9B584763C}.Debug|Any CPU.ActiveCfg = Debug|Any CPU
		{19DF8D37-E40A-41A9-AC5E-53A9B584763C}.Debug|Any CPU.Build.0 = Debug|Any CPU
		{19DF8D37-E40A-41A9-AC5E-53A9B584763C}.Release|Any CPU.ActiveCfg = Release|Any CPU
		{19DF8D37-E40A-41A9-AC5E-53A9B584763C}.Release|Any CPU.Build.0 = Release|Any CPU
		{ACFC86C4-9E3D-4D00-B4FD-4DC98E9E7CE3}.Debug|Any CPU.ActiveCfg = Debug|Any CPU
		{ACFC86C4-9E3D-4D00-B4FD-4DC98E9E7CE3}.Debug|Any CPU.Build.0 = Debug|Any CPU
		{ACFC86C4-9E3D-4D00-B4FD-4DC98E9E7CE3}.Release|Any CPU.ActiveCfg = Release|Any CPU
		{ACFC86C4-9E3D-4D00-B4FD-4DC98E9E7CE3}.Release|Any CPU.Build.0 = Release|Any CPU
		{5F0E95C8-DA6B-4922-8517-522819536706}.Debug|Any CPU.ActiveCfg = Debug|Any CPU
		{5F0E95C8-DA6B-4922-8517-522819536706}.Debug|Any CPU.Build.0 = Debug|Any CPU
		{5F0E95C8-DA6B-4922-8517-522819536706}.Release|Any CPU.ActiveCfg = Release|Any CPU
		{5F0E95C8-DA6B-4922-8517-522819536706}.Release|Any CPU.Build.0 = Release|Any CPU
	EndGlobalSection
	GlobalSection(SolutionProperties) = preSolution
		HideSolutionNode = FALSE
	EndGlobalSection
	GlobalSection(ExtensibilityGlobals) = postSolution
		SolutionGuid = {762209C6-BC6D-49D8-AE71-F96E6E6782B8}
	EndGlobalSection
EndGlobal
